github.com/davecgh/go-spew v1.1.1 h1:vj9j/u1bqnvCEfJOwUhtlOARqs3+rkHYY13jYWTU97c=
github.com/domonda/go-pretty v0.0.0-20220317123925-dd9e6bef129a h1:6/Is0KGl5Ot3E8ZLAgAFWYiSRdU+3t3jL38+5yIlCV4=
github.com/domonda/go-pretty v0.0.0-20220317123925-dd9e6bef129a/go.mod h1:3QkM8UJdyJMeKZiIo7hYzSkQBpRS3k0gOHw4ysyEIB4=
github.com/gopherjs/gopherjs v1.18.0-beta3 h1:ucyHuthiLpjXxf1dseOTYk0Bd/kTCGSR1s/7Q0HEVkk=
github.com/gopherjs/gopherjs v1.18.0-beta3/go.mod h1:mk8YaMAcqCnZCNHxJVG+k/qPiiqhBTM29Y7E4+gj4+A=
github.com/pmezard/go-difflib v1.0.0 h1:4DBwDE0NGyQoBHbLQYPwSUPoCMWR5BEzIk/f1lZbAQM=
github.com/stretchr/testify v1.8.2 h1:+h33VjcLVPDHtOdpUCuF+7gSuG3yGIftsP1YvFihtJ8=
golang.org/x/exp v0.0.0-20230522175609-2e198f4a06a1 h1:k/i9J1pBpvlfR+9QsetwPyERsqu1GIbi967PQMq3Ivc=
golang.org/x/exp v0.0.0-20230522175609-2e198f4a06a1/go.mod h1:V1LtkGg67GoY2N1AnLN78QLrzxkLyJw7RJb1gzOOz9w=
gopkg.in/yaml.v3 v3.0.1 h1:fxVm/GzAzEWqLHuvctI91KS9hhNmmWOoWu0XTYJS7CA=
